Microsoft Visual Studio Solution File, Format Version 11.00
# Visual Studio 2008

Project("{DFF78B9D-61FF-760F-23E0-06012A152A37}") = "Assembly-CSharp-Editor-firstpass", "Assembly-CSharp-Editor-firstpass.csproj", "{1E28D771-AC36-83FB-27C1-9B997A55F970}"
EndProject
Global
	GlobalSection(SolutionConfigurationPlatforms) = preSolution
		Debug|Any CPU = Debug|Any CPU
		Release|Any CPU = Release|Any CPU
	EndGlobalSection
	GlobalSection(ProjectConfigurationPlatforms) = postSolution
		{1E28D771-AC36-83FB-27C1-9B997A55F970}.Debug|Any CPU.ActiveCfg = Debug|Any CPU
		{1E28D771-AC36-83FB-27C1-9B997A55F970}.Debug|Any CPU.Build.0 = Debug|Any CPU
		{1E28D771-AC36-83FB-27C1-9B997A55F970}.Release|Any CPU.ActiveCfg = Release|Any CPU
		{1E28D771-AC36-83FB-27C1-9B997A55F970}.Release|Any CPU.Build.0 = Release|Any CPU
	EndGlobalSection
	GlobalSection(SolutionProperties) = preSolution
		HideSolutionNode = FALSE
	EndGlobalSection
	GlobalSection(MonoDevelopProperties) = preSolution
		StartupItem = Assembly-CSharp.csproj
	EndGlobalSection
EndGlobal
